{
   "name": "@scrypted/router",
   "lockfileVersion": 2,
   "requires": true,
   "packages": {
      "": {
         "name": "@scrypted/router",
         "dependencies": {
            "@network-utils/vendor-lookup": "^1.0.8",
            "@scrypted/sdk": "../../sdk",
            "yaml": "^2.7.0"
         },
         "devDependencies": {
            "@types/node": "^22.13.4"
         }
      },
      "../../sdk": {
         "name": "@scrypted/sdk",
         "version": "0.5.59",
         "license": "ISC",
         "dependencies": {
            "@babel/preset-typescript": "^7.27.1",
            "@rollup/plugin-commonjs": "^28.0.9",
            "@rollup/plugin-json": "^6.1.0",
            "@rollup/plugin-node-resolve": "^16.0.1",
            "@rollup/plugin-terser": "^0.4.4",
            "@rollup/plugin-typescript": "^12.3.0",
            "@rollup/plugin-virtual": "^3.0.2",
            "@scrypted/auth-fetch": "^1.0.5",
            "adm-zip": "^0.5.16",
            "babel-loader": "^10.0.0",
            "babel-plugin-const-enum": "^1.2.0",
            "ncp": "^2.0.0",
            "openai": "^6.1.0",
            "raw-loader": "^4.0.2",
            "rimraf": "^6.0.1",
            "rollup": "^4.52.5",
            "tmp": "^0.2.3",
            "ts-loader": "^9.5.4",
            "tslib": "^2.8.1",
            "typescript": "^5.9.3",
            "webpack": "^5.99.9",
            "webpack-bundle-analyzer": "^4.10.2"
         },
         "bin": {
            "scrypted-changelog": "bin/cli.js",
            "scrypted-debug": "bin/cli.js",
            "scrypted-deploy": "bin/cli.js",
            "scrypted-deploy-debug": "bin/cli.js",
            "scrypted-package-json": "bin/cli.js",
            "scrypted-setup-project": "bin/cli.js",
            "scrypted-webpack": "bin/cli.js"
         },
         "devDependencies": {
            "@types/adm-zip": "^0.5.8",
            "@types/ncp": "^2.0.8",
            "@types/node": "^24.9.2",
            "@types/tmp": "^0.2.6",
            "ts-node": "^10.9.2",
            "typedoc": "^0.28.14"
         }
      },
      "node_modules/@network-utils/vendor-lookup": {
         "version": "1.0.8",
         "resolved": "https://registry.npmjs.org/@network-utils/vendor-lookup/-/vendor-lookup-1.0.8.tgz",
         "integrity": "sha512-1IMp/zttZPeRShNUeZSKLXAGcyhy2D/xuG7JJGS4JBz65WjdHvPPD4ZvFbH3KASTSzFtdwpUNEj+l7gmR/Y9hg==",
         "license": "MIT"
      },
      "node_modules/@scrypted/sdk": {
         "resolved": "../../sdk",
         "link": true
      },
      "node_modules/@types/node": {
         "version": "22.13.4",
         "resolved": "https://registry.npmjs.org/@types/node/-/node-22.13.4.tgz",
         "integrity": "sha512-ywP2X0DYtX3y08eFVx5fNIw7/uIv8hYUKgXoK8oayJlLnKcRfEYCxWMVE1XagUdVtCJlZT1AU4LXEABW+L1Peg==",
         "dev": true,
         "license": "MIT",
         "dependencies": {
            "undici-types": "~6.20.0"
         }
      },
      "node_modules/undici-types": {
         "version": "6.20.0",
         "resolved": "https://registry.npmjs.org/undici-types/-/undici-types-6.20.0.tgz",
         "integrity": "sha512-Ny6QZ2Nju20vw1SRHe3d9jVu6gJ+4e3+MMpqu7pqE5HT6WsTSlce++GQmK5UXS8mzV8DSYHrQH+Xrf2jVcuKNg==",
         "dev": true
      },
      "node_modules/yaml": {
         "version": "2.7.0",
         "resolved": "https://registry.npmjs.org/yaml/-/yaml-2.7.0.tgz",
         "integrity": "sha512-+hSoy/QHluxmC9kCIJyL/uyFmLmc+e5CFR5Wa+bpIhIj85LVb9ZH2nVnqrHoSvKogwODv0ClqZkmiSSaIH5LTA==",
         "license": "ISC",
         "bin": {
            "yaml": "bin.mjs"
         },
         "engines": {
            "node": ">= 14"
         }
      }
   },
   "dependencies": {
      "@network-utils/vendor-lookup": {
         "version": "1.0.8",
         "resolved": "https://registry.npmjs.org/@network-utils/vendor-lookup/-/vendor-lookup-1.0.8.tgz",
         "integrity": "sha512-1IMp/zttZPeRShNUeZSKLXAGcyhy2D/xuG7JJGS4JBz65WjdHvPPD4ZvFbH3KASTSzFtdwpUNEj+l7gmR/Y9hg=="
      },
      "@scrypted/sdk": {
         "version": "file:../../sdk",
         "requires": {
            "@babel/preset-typescript": "^7.27.1",
            "@rollup/plugin-commonjs": "^28.0.9",
            "@rollup/plugin-json": "^6.1.0",
            "@rollup/plugin-node-resolve": "^16.0.1",
            "@rollup/plugin-terser": "^0.4.4",
            "@rollup/plugin-typescript": "^12.3.0",
            "@rollup/plugin-virtual": "^3.0.2",
            "@scrypted/auth-fetch": "^1.0.5",
            "@types/adm-zip": "^0.5.8",
            "@types/ncp": "^2.0.8",
            "@types/node": "^24.9.2",
            "@types/tmp": "^0.2.6",
            "adm-zip": "^0.5.16",
            "babel-loader": "^10.0.0",
            "babel-plugin-const-enum": "^1.2.0",
            "ncp": "^2.0.0",
            "openai": "^6.1.0",
            "raw-loader": "^4.0.2",
            "rimraf": "^6.0.1",
            "rollup": "^4.52.5",
            "tmp": "^0.2.3",
            "ts-loader": "^9.5.4",
            "ts-node": "^10.9.2",
            "tslib": "^2.8.1",
            "typedoc": "^0.28.14",
            "typescript": "^5.9.3",
            "webpack": "^5.99.9",
            "webpack-bundle-analyzer": "^4.10.2"
         }
      },
      "@types/node": {
         "version": "22.13.4",
         "resolved": "https://registry.npmjs.org/@types/node/-/node-22.13.4.tgz",
         "integrity": "sha512-ywP2X0DYtX3y08eFVx5fNIw7/uIv8hYUKgXoK8oayJlLnKcRfEYCxWMVE1XagUdVtCJlZT1AU4LXEABW+L1Peg==",
         "dev": true,
         "requires": {
            "undici-types": "~6.20.0"
         }
      },
      "undici-types": {
         "version": "6.20.0",
         "resolved": "https://registry.npmjs.org/undici-types/-/undici-types-6.20.0.tgz",
         "integrity": "sha512-Ny6QZ2Nju20vw1SRHe3d9jVu6gJ+4e3+MMpqu7pqE5HT6WsTSlce++GQmK5UXS8mzV8DSYHrQH+Xrf2jVcuKNg==",
         "dev": true
      },
      "yaml": {
         "version": "2.7.0",
         "resolved": "https://registry.npmjs.org/yaml/-/yaml-2.7.0.tgz",
         "integrity": "sha512-+hSoy/QHluxmC9kCIJyL/uyFmLmc+e5CFR5Wa+bpIhIj85LVb9ZH2nVnqrHoSvKogwODv0ClqZkmiSSaIH5LTA=="
      }
   }
}
